// !$*UTF8*$!
{
	archiveVersion = 1;
	classes = {
	};
	objectVersion = 48;
	objects = {

/* Begin PBXBuildFile section */
		640FF2791FBAFE860032D404 /* AppDelegate.swift in Sources */ = {isa = PBXBuildFile; fileRef = 640FF2781FBAFE860032D404 /* AppDelegate.swift */; };
		640FF27B1FBAFE860032D404 /* ViewController.swift in Sources */ = {isa = PBXBuildFile; fileRef = 640FF27A1FBAFE860032D404 /* ViewController.swift */; };
		640FF27E1FBAFE860032D404 /* Main.storyboard in Resources */ = {isa = PBXBuildFile; fileRef = 640FF27C1FBAFE860032D404 /* Main.storyboard */; };
		640FF2801FBAFE860032D404 /* Assets.xcassets in Resources */ = {isa = PBXBuildFile; fileRef = 640FF27F1FBAFE860032D404 /* Assets.xcassets */; };
		640FF2831FBAFE860032D404 /* LaunchScreen.storyboard in Resources */ = {isa = PBXBuildFile; fileRef = 640FF2811FBAFE860032D404 /* LaunchScreen.storyboard */; };
		640FF28E1FBAFE860032D404 /* FunctBranchesTests.swift in Sources */ = {isa = PBXBuildFile; fileRef = 640FF28D1FBAFE860032D404 /* FunctBranchesTests.swift */; };
/* End PBXBuildFile section */

/* Begin PBXContainerItemProxy section */
		640FF28A1FBAFE860032D404 /* PBXContainerItemProxy */ = {
			isa = PBXContainerItemProxy;
			containerPortal = 640FF26D1FBAFE860032D404 /* Project object */;
			proxyType = 1;
			remoteGlobalIDString = 640FF2741FBAFE860032D404;
			remoteInfo = FunctBranches;
		};
/* End PBXContainerItemProxy section */

/* Begin PBXFileReference section */
		640FF2751FBAFE860032D404 /* FunctBranches.app */ = {isa = PBXFileReference; explicitFileType = wrapper.application; includeInIndex = 0; path = FunctBranches.app; sourceTree = BUILT_PRODUCTS_DIR; };
		640FF2781FBAFE860032D404 /* AppDelegate.swift */ = {isa = PBXFileReference; lastKnownFileType = sourcecode.swift; path = AppDelegate.swift; sourceTree = "<group>"; };
		640FF27A1FBAFE860032D404 /* ViewController.swift */ = {isa = PBXFileReference; lastKnownFileType = sourcecode.swift; path = ViewController.swift; sourceTree = "<group>"; };
		640FF27D1FBAFE860032D404 /* Base */ = {isa = PBXFileReference; lastKnownFileType = file.storyboard; name = Base; path = Base.lproj/Main.storyboard; sourceTree = "<group>"; };
		640FF27F1FBAFE860032D404 /* Assets.xcassets */ = {isa = PBXFileReference; lastKnownFileType = folder.assetcatalog; path = Assets.xcassets; sourceTree = "<group>"; };
		640FF2821FBAFE860032D404 /* Base */ = {isa = PBXFileReference; lastKnownFileType = file.storyboard; name = Base; path = Base.lproj/LaunchScreen.storyboard; sourceTree = "<group>"; };
		640FF2841FBAFE860032D404 /* Info.plist */ = {isa = PBXFileReference; lastKnownFileType = text.plist.xml; path = Info.plist; sourceTree = "<group>"; };
		640FF2891FBAFE860032D404 /* FunctBranchesTests.xctest */ = {isa = PBXFileReference; explicitFileType = wrapper.cfbundle; includeInIndex = 0; path = FunctBranchesTests.xctest; sourceTree = BUILT_PRODUCTS_DIR; };
		640FF28D1FBAFE860032D404 /* FunctBranchesTests.swift */ = {isa = PBXFileReference; lastKnownFileType = sourcecode.swift; path = FunctBranchesTests.swift; sourceTree = "<group>"; };
		640FF28F1FBAFE860032D404 /* Info.plist */ = {isa = PBXFileReference; lastKnownFileType = text.plist.xml; path = Info.plist; sourceTree = "<group>"; };
/* End PBXFileReference section */

/* Begin PBXFrameworksBuildPhase section */
		640FF2721FBAFE860032D404 /* Frameworks */ = {
			isa = PBXFrameworksBuildPhase;
			buildActionMask = 2147483647;
			files = (
			);
			runOnlyForDeploymentPostprocessing = 0;
		};
		640FF2861FBAFE860032D404 /* Frameworks */ = {
			isa = PBXFrameworksBuildPhase;
			buildActionMask = 2147483647;
			files = (
			);
			runOnlyForDeploymentPostprocessing = 0;
		};
/* End PBXFrameworksBuildPhase section */

/* Begin PBXGroup section */
		640FF26C1FBAFE860032D404 = {
			isa = PBXGroup;
			children = (
				640FF2771FBAFE860032D404 /* FunctBranches */,
				640FF28C1FBAFE860032D404 /* FunctBranchesTests */,
				640FF2761FBAFE860032D404 /* Products */,
			);
			sourceTree = "<group>";
		};
		640FF2761FBAFE860032D404 /* Products */ = {
			isa = PBXGroup;
			children = (
				640FF2751FBAFE860032D404 /* FunctBranches.app */,
				640FF2891FBAFE860032D404 /* FunctBranchesTests.xctest */,
			);
			name = Products;
			sourceTree = "<group>";
		};
		640FF2771FBAFE860032D404 /* FunctBranches */ = {
			isa = PBXGroup;
			children = (
				640FF2781FBAFE860032D404 /* AppDelegate.swift */,
				640FF27A1FBAFE860032D404 /* ViewController.swift */,
				640FF27C1FBAFE860032D404 /* Main.storyboard */,
				640FF27F1FBAFE860032D404 /* Assets.xcassets */,
				640FF2811FBAFE860032D404 /* LaunchScreen.storyboard */,
				640FF2841FBAFE860032D404 /* Info.plist */,
			);
			path = FunctBranches;
			sourceTree = "<group>";
		};
		640FF28C1FBAFE860032D404 /* FunctBranchesTests */ = {
			isa = PBXGroup;
			children = (
				640FF28D1FBAFE860032D404 /* FunctBranchesTests.swift */,
				640FF28F1FBAFE860032D404 /* Info.plist */,
			);
			path = FunctBranchesTests;
			sourceTree = "<group>";
		};
/* End PBXGroup section */

/* Begin PBXNativeTarget section */
		640FF2741FBAFE860032D404 /* FunctBranches */ = {
			isa = PBXNativeTarget;
			buildConfigurationList = 640FF2921FBAFE860032D404 /* Build configuration list for PBXNativeTarget "FunctBranches" */;
			buildPhases = (
				640FF2711FBAFE860032D404 /* Sources */,
				640FF2721FBAFE860032D404 /* Frameworks */,
				640FF2731FBAFE860032D404 /* Resources */,
			);
			buildRules = (
			);
			dependencies = (
			);
			name = FunctBranches;
			productName = FunctBranches;
			productReference = 640FF2751FBAFE860032D404 /* FunctBranches.app */;
			productType = "com.apple.product-type.application";
		};
		640FF2881FBAFE860032D404 /* FunctBranchesTests */ = {
			isa = PBXNativeTarget;
			buildConfigurationList = 640FF2951FBAFE860032D404 /* Build configuration list for PBXNativeTarget "FunctBranchesTests" */;
			buildPhases = (
				640FF2851FBAFE860032D404 /* Sources */,
				640FF2861FBAFE860032D404 /* Frameworks */,
				640FF2871FBAFE860032D404 /* Resources */,
			);
			buildRules = (
			);
			dependencies = (
				640FF28B1FBAFE860032D404 /* PBXTargetDependency */,
			);
			name = FunctBranchesTests;
			productName = FunctBranchesTests;
			productReference = 640FF2891FBAFE860032D404 /* FunctBranchesTests.xctest */;
			productType = "com.apple.product-type.bundle.unit-test";
		};
/* End PBXNativeTarget section */

/* Begin PBXProject section */
		640FF26D1FBAFE860032D404 /* Project object */ = {
			isa = PBXProject;
			attributes = {
				LastSwiftUpdateCheck = 0900;
				LastUpgradeCheck = 0900;
				ORGANIZATIONNAME = "Antonio Muñoz Sánchez";
				TargetAttributes = {
					640FF2741FBAFE860032D404 = {
						CreatedOnToolsVersion = 9.0;
						ProvisioningStyle = Automatic;
					};
					640FF2881FBAFE860032D404 = {
						CreatedOnToolsVersion = 9.0;
						ProvisioningStyle = Automatic;
						TestTargetID = 640FF2741FBAFE860032D404;
					};
				};
			};
			buildConfigurationList = 640FF2701FBAFE860032D404 /* Build configuration list for PBXProject "FunctBranches" */;
			compatibilityVersion = "Xcode 8.0";
			developmentRegion = en;
			hasScannedForEncodings = 0;
			knownRegions = (
				en,
				Base,
			);
			mainGroup = 640FF26C1FBAFE860032D404;
			productRefGroup = 640FF2761FBAFE860032D404 /* Products */;
			projectDirPath = "";
			projectRoot = "";
			targets = (
				640FF2741FBAFE860032D404 /* FunctBranches */,
				640FF2881FBAFE860032D404 /* FunctBranchesTests */,
			);
		};
/* End PBXProject section */

/* Begin PBXResourcesBuildPhase section */
		640FF2731FBAFE860032D404 /* Resources */ = {
			isa = PBXResourcesBuildPhase;
			buildActionMask = 2147483647;
			files = (
				640FF2831FBAFE860032D404 /* LaunchScreen.storyboard in Resources */,
				640FF2801FBAFE860032D404 /* Assets.xcassets in Resources */,
				640FF27E1FBAFE860032D404 /* Main.storyboard in Resources */,
			);
			runOnlyForDeploymentPostprocessing = 0;
		};
		640FF2871FBAFE860032D404 /* Resources */ = {
			isa = PBXResourcesBuildPhase;
			buildActionMask = 2147483647;
			files = (
			);
			runOnlyForDeploymentPostprocessing = 0;
		};
/* End PBXResourcesBuildPhase section */

/* Begin PBXSourcesBuildPhase section */
		640FF2711FBAFE860032D404 /* Sources */ = {
			isa = PBXSourcesBuildPhase;
			buildActionMask = 2147483647;
			files = (
				640FF27B1FBAFE860032D404 /* ViewController.swift in Sources */,
				640FF2791FBAFE860032D404 /* AppDelegate.swift in Sources */,
			);
			runOnlyForDeploymentPostprocessing = 0;
		};
		640FF2851FBAFE860032D404 /* Sources */ = {
			isa = PBXSourcesBuildPhase;
			buildActionMask = 2147483647;
			files = (
				640FF28E1FBAFE860032D404 /* FunctBranchesTests.swift in Sources */,
			);
			runOnlyForDeploymentPostprocessing = 0;
		};
/* End PBXSourcesBuildPhase section */

/* Begin PBXTargetDependency section */
		640FF28B1FBAFE860032D404 /* PBXTargetDependency */ = {
			isa = PBXTargetDependency;
			target = 640FF2741FBAFE860032D404 /* FunctBranches */;
			targetProxy = 640FF28A1FBAFE860032D404 /* PBXContainerItemProxy */;
		};
/* End PBXTargetDependency section */

/* Begin PBXVariantGroup section */
		640FF27C1FBAFE860032D404 /* Main.storyboard */ = {
			isa = PBXVariantGroup;
			children = (
				640FF27D1FBAFE860032D404 /* Base */,
			);
			name = Main.storyboard;
			sourceTree = "<group>";
		};
		640FF2811FBAFE860032D404 /* LaunchScreen.storyboard */ = {
			isa = PBXVariantGroup;
			children = (
				640FF2821FBAFE860032D404 /* Base */,
			);
			name = LaunchScreen.storyboard;
			sourceTree = "<group>";
		};
/* End PBXVariantGroup section */

/* Begin XCBuildConfiguration section */
		640FF2901FBAFE860032D404 /* Debug */ = {
			isa = XCBuildConfiguration;
			buildSettings = {
				ALWAYS_SEARCH_USER_PATHS = NO;
				CLANG_ANALYZER_NONNULL = YES;
				CLANG_ANALYZER_NUMBER_OBJECT_CONVERSION = YES_AGGRESSIVE;
				CLANG_CXX_LANGUAGE_STANDARD = "gnu++14";
				CLANG_CXX_LIBRARY = "libc++";
				CLANG_ENABLE_MODULES = YES;
				CLANG_ENABLE_OBJC_ARC = YES;
				CLANG_WARN_BLOCK_CAPTURE_AUTORELEASING = YES;
				CLANG_WARN_BOOL_CONVERSION = YES;
				CLANG_WARN_COMMA = YES;
				CLANG_WARN_CONSTANT_CONVERSION = YES;
				CLANG_WARN_DIRECT_OBJC_ISA_USAGE = YES_ERROR;
				CLANG_WARN_DOCUMENTATION_COMMENTS = YES;
				CLANG_WARN_EMPTY_BODY = YES;
				CLANG_WARN_ENUM_CONVERSION = YES;
				CLANG_WARN_INFINITE_RECURSION = YES;
				CLANG_WARN_INT_CONVERSION = YES;
				CLANG_WARN_NON_LITERAL_NULL_CONVERSION = YES;
				CLANG_WARN_OBJC_LITERAL_CONVERSION = YES;
				CLANG_WARN_OBJC_ROOT_CLASS = YES_ERROR;
				CLANG_WARN_RANGE_LOOP_ANALYSIS = YES;
				CLANG_WARN_STRICT_PROTOTYPES = YES;
				CLANG_WARN_SUSPICIOUS_MOVE = YES;
				CLANG_WARN_UNGUARDED_AVAILABILITY = YES_AGGRESSIVE;
				CLANG_WARN_UNREACHABLE_CODE = YES;
				CLANG_WARN__DUPLICATE_METHOD_MATCH = YES;
				CODE_SIGN_IDENTITY = "iPhone Developer";
				COPY_PHASE_STRIP = NO;
				DEBUG_INFORMATION_FORMAT = dwarf;
				ENABLE_STRICT_OBJC_MSGSEND = YES;
				ENABLE_TESTABILITY = YES;
				GCC_C_LANGUAGE_STANDARD = gnu11;
				GCC_DYNAMIC_NO_PIC = NO;
				GCC_NO_COMMON_BLOCKS = YES;
				GCC_OPTIMIZATION_LEVEL = 0;
				GCC_PREPROCESSOR_DEFINITIONS = (
					"DEBUG=1",
					"$(inherited)",
				);
				GCC_WARN_64_TO_32_BIT_CONVERSION = YES;
				GCC_WARN_ABOUT_RETURN_TYPE = YES_ERROR;
				GCC_WARN_UNDECLARED_SELECTOR = YES;
				GCC_WARN_UNINITIALIZED_AUTOS = YES_AGGRESSIVE;
				GCC_WARN_UNUSED_FUNCTION = YES;
				GCC_WARN_UNUSED_VARIABLE = YES;
				IPHONEOS_DEPLOYMENT_TARGET = 11.0;
				MTL_ENABLE_DEBUG_INFO = YES;
				ONLY_ACTIVE_ARCH = YES;
				SDKROOT = iphoneos;
				SWIFT_ACTIVE_COMPILATION_CONDITIONS = DEBUG;
				SWIFT_OPTIMIZATION_LEVEL = "-Onone";
			};
			name = Debug;
		};
		640FF2911FBAFE860032D404 /* Release */ = {
			isa = XCBuildConfiguration;
			buildSettings = {
				ALWAYS_SEARCH_USER_PATHS = NO;
				CLANG_ANALYZER_NONNULL = YES;
				CLANG_ANALYZER_NUMBER_OBJECT_CONVERSION = YES_AGGRESSIVE;
				CLANG_CXX_LANGUAGE_STANDARD = "gnu++14";
				CLANG_CXX_LIBRARY = "libc++";
				CLANG_ENABLE_MODULES = YES;
				CLANG_ENABLE_OBJC_ARC = YES;
				CLANG_WARN_BLOCK_CAPTURE_AUTORELEASING = YES;
				CLANG_WARN_BOOL_CONVERSION = YES;
				CLANG_WARN_COMMA = YES;
				CLANG_WARN_CONSTANT_CONVERSION = YES;
				CLANG_WARN_DIRECT_OBJC_ISA_USAGE = YES_ERROR;
				CLANG_WARN_DOCUMENTATION_COMMENTS = YES;
				CLANG_WARN_EMPTY_BODY = YES;
				CLANG_WARN_ENUM_CONVERSION = YES;
				CLANG_WARN_INFINITE_RECURSION = YES;
				CLANG_WARN_INT_CONVERSION = YES;
				CLANG_WARN_NON_LITERAL_NULL_CONVERSION = YES;
				CLANG_WARN_OBJC_LITERAL_CONVERSION = YES;
				CLANG_WARN_OBJC_ROOT_CLASS = YES_ERROR;
				CLANG_WARN_RANGE_LOOP_ANALYSIS = YES;
				CLANG_WARN_STRICT_PROTOTYPES = YES;
				CLANG_WARN_SUSPICIOUS_MOVE = YES;
				CLANG_WARN_UNGUARDED_AVAILABILITY = YES_AGGRESSIVE;
				CLANG_WARN_UNREACHABLE_CODE = YES;
				CLANG_WARN__DUPLICATE_METHOD_MATCH = YES;
				CODE_SIGN_IDENTITY = "iPhone Developer";
				COPY_PHASE_STRIP = NO;
				DEBUG_INFORMATION_FORMAT = "dwarf-with-dsym";
				ENABLE_NS_ASSERTIONS = NO;
				ENABLE_STRICT_OBJC_MSGSEND = YES;
				GCC_C_LANGUAGE_STANDARD = gnu11;
				GCC_NO_COMMON_BLOCKS = YES;
				GCC_WARN_64_TO_32_BIT_CONVERSION = YES;
				GCC_WARN_ABOUT_RETURN_TYPE = YES_ERROR;
				GCC_WARN_UNDECLARED_SELECTOR = YES;
				GCC_WARN_UNINITIALIZED_AUTOS = YES_AGGRESSIVE;
				GCC_WARN_UNUSED_FUNCTION = YES;
				GCC_WARN_UNUSED_VARIABLE = YES;
				IPHONEOS_DEPLOYMENT_TARGET = 11.0;
				MTL_ENABLE_DEBUG_INFO = NO;
				SDKROOT = iphoneos;
				SWIFT_OPTIMIZATION_LEVEL = "-Owholemodule";
				VALIDATE_PRODUCT = YES;
			};
			name = Release;
		};
		640FF2931FBAFE860032D404 /* Debug */ = {
			isa = XCBuildConfiguration;
			buildSettings = {
				ASSETCATALOG_COMPILER_APPICON_NAME = AppIcon;
				CODE_SIGN_STYLE = Automatic;
				DEVELOPMENT_TEAM = RQQMLGW4S8;
				INFOPLIST_FILE = FunctBranches/Info.plist;
				LD_RUNPATH_SEARCH_PATHS = "$(inherited) @executable_path/Frameworks";
				PRODUCT_BUNDLE_IDENTIFIER = com.ams.prueba.FunctBranches;
				PRODUCT_NAME = "$(TARGET_NAME)";
				SWIFT_VERSION = 4.0;
				TARGETED_DEVICE_FAMILY = "1,2";
			};
			name = Debug;
		};
		640FF2941FBAFE860032D404 /* Release */ = {
			isa = XCBuildConfiguration;
			buildSettings = {
				ASSETCATALOG_COMPILER_APPICON_NAME = AppIcon;
				CODE_SIGN_STYLE = Automatic;
				DEVELOPMENT_TEAM = RQQMLGW4S8;
				INFOPLIST_FILE = FunctBranches/Info.plist;
				LD_RUNPATH_SEARCH_PATHS = "$(inherited) @executable_path/Frameworks";
				PRODUCT_BUNDLE_IDENTIFIER = com.ams.prueba.FunctBranches;
				PRODUCT_NAME = "$(TARGET_NAME)";
				SWIFT_VERSION = 4.0;
				TARGETED_DEVICE_FAMILY = "1,2";
			};
			name = Release;
		};
		640FF2961FBAFE860032D404 /* Debug */ = {
			isa = XCBuildConfiguration;
			buildSettings = {
				ALWAYS_EMBED_SWIFT_STANDARD_LIBRARIES = YES;
				BUNDLE_LOADER = "$(TEST_HOST)";
				CODE_SIGN_STYLE = Automatic;
				DEVELOPMENT_TEAM = RQQMLGW4S8;
				INFOPLIST_FILE = FunctBranchesTests/Info.plist;
				LD_RUNPATH_SEARCH_PATHS = "$(inherited) @executable_path/Frameworks @loader_path/Frameworks";
				PRODUCT_BUNDLE_IDENTIFIER = com.ams.prueba.FunctBranchesTests;
				PRODUCT_NAME = "$(TARGET_NAME)";
				SWIFT_VERSION = 4.0;
				TARGETED_DEVICE_FAMILY = "1,2";
				TEST_HOST = "$(BUILT_PRODUCTS_DIR)/FunctBranches.app/FunctBranches";
			};
			name = Debug;
		};
		640FF2971FBAFE860032D404 /* Release */ = {
			isa = XCBuildConfiguration;
			buildSettings = {
				ALWAYS_EMBED_SWIFT_STANDARD_LIBRARIES = YES;
				BUNDLE_LOADER = "$(TEST_HOST)";
				CODE_SIGN_STYLE = Automatic;
				DEVELOPMENT_TEAM = RQQMLGW4S8;
				INFOPLIST_FILE = FunctBranchesTests/Info.plist;
				LD_RUNPATH_SEARCH_PATHS = "$(inherited) @executable_path/Frameworks @loader_path/Frameworks";
				PRODUCT_BUNDLE_IDENTIFIER = com.ams.prueba.FunctBranchesTests;
				PRODUCT_NAME = "$(TARGET_NAME)";
				SWIFT_VERSION = 4.0;
				TARGETED_DEVICE_FAMILY = "1,2";
				TEST_HOST = "$(BUILT_PRODUCTS_DIR)/FunctBranches.app/FunctBranches";
			};
			name = Release;
		};
/* End XCBuildConfiguration section */

/* Begin XCConfigurationList section */
		640FF2701FBAFE860032D404 /* Build configuration list for PBXProject "FunctBranches" */ = {
			isa = XCConfigurationList;
			buildConfigurations = (
				640FF2901FBAFE860032D404 /* Debug */,
				640FF2911FBAFE860032D404 /* Release */,
			);
			defaultConfigurationIsVisible = 0;
			defaultConfigurationName = Release;
		};
		640FF2921FBAFE860032D404 /* Build configuration list for PBXNativeTarget "FunctBranches" */ = {
			isa = XCConfigurationList;
			buildConfigurations = (
				640FF2931FBAFE860032D404 /* Debug */,
				640FF2941FBAFE860032D404 /* Release */,
			);
			defaultConfigurationIsVisible = 0;
			defaultConfigurationName = Release;
		};
		640FF2951FBAFE860032D404 /* Build configuration list for PBXNativeTarget "FunctBranchesTests" */ = {
			isa = XCConfigurationList;
			buildConfigurations = (
				640FF2961FBAFE860032D404 /* Debug */,
				640FF2971FBAFE860032D404 /* Release */,
			);
			defaultConfigurationIsVisible = 0;
			defaultConfigurationName = Release;
		};
/* End XCConfigurationList section */
	};
	rootObject = 640FF26D1FBAFE860032D404 /* Project object */;
}
