// !$*UTF8*$!
{
	archiveVersion = 1;
	classes = {
	};
	objectVersion = 48;
	objects = {

/* Begin PBXBuildFile section */
		640FF2791FBAFE860032D404 /* AppDelegate.swift in Sources */ = {isa = PBXBuildFile; fileRef = 640FF2781FBAFE860032D404 /* AppDelegate.swift */; };
		640FF27B1FBAFE860032D404 /* ViewController.swift in Sources */ = {isa = PBXBuildFile; fileRef = 640FF27A1FBAFE860032D404 /* ViewController.swift */; };
		640FF27E1FBAFE860032D404 /* Main.storyboard in Resources */ = {isa = PBXBuildFile; fileRef = 640FF27C1FBAFE860032D404 /* Main.storyboard */; };
		640FF2801FBAFE860032D404 /* Assets.xcassets in Resources */ = {isa = PBXBuildFile; fileRef = 640FF27F1FBAFE860032D404 /* Assets.xcassets */; };
		640FF2831FBAFE860032D404 /* LaunchScreen.storyboard in Resources */ = {isa = PBXBuildFile; fileRef = 640FF2811FBAFE860032D404 /* LaunchScreen.storyboard */; };
		640FF28E1FBAFE860032D404 /* FunctBranchesTests.swift in Sources */ = {isa = PBXBuildFile; fileRef = 640FF28D1FBAFE860032D404 /* FunctBranchesTests.swift */; };
		640FF3181FBCD8B10032D404 /* Applicative.swift in Sources */ = {isa = PBXBuildFile; fileRef = 640FF3081FBCD7FF0032D404 /* Applicative.swift */; };
		640FF3191FBCD8B10032D404 /* Array.swift in Sources */ = {isa = PBXBuildFile; fileRef = 640FF2FC1FBCD7FC0032D404 /* Array.swift */; };
		640FF31A1FBCD8B10032D404 /* ArrayExt.swift in Sources */ = {isa = PBXBuildFile; fileRef = 640FF2EA1FBCD7F80032D404 /* ArrayExt.swift */; };
		640FF31B1FBCD8B10032D404 /* Arrow.swift in Sources */ = {isa = PBXBuildFile; fileRef = 640FF3101FBCD8010032D404 /* Arrow.swift */; };
		640FF31C1FBCD8B10032D404 /* ArrowExt.swift in Sources */ = {isa = PBXBuildFile; fileRef = 640FF2F11FBCD7FA0032D404 /* ArrowExt.swift */; };
		640FF31D1FBCD8B10032D404 /* Bifunctor.swift in Sources */ = {isa = PBXBuildFile; fileRef = 640FF2F01FBCD7F90032D404 /* Bifunctor.swift */; };
		640FF31E1FBCD8B10032D404 /* Bounded.swift in Sources */ = {isa = PBXBuildFile; fileRef = 640FF3091FBCD7FF0032D404 /* Bounded.swift */; };
		640FF31F1FBCD8B10032D404 /* Category.swift in Sources */ = {isa = PBXBuildFile; fileRef = 640FF2F21FBCD7FA0032D404 /* Category.swift */; };
		640FF3201FBCD8B10032D404 /* CharacterExt.swift in Sources */ = {isa = PBXBuildFile; fileRef = 640FF3151FBCD8020032D404 /* CharacterExt.swift */; };
		640FF3211FBCD8B10032D404 /* Combinators.swift in Sources */ = {isa = PBXBuildFile; fileRef = 640FF2F51FBCD7FB0032D404 /* Combinators.swift */; };
		640FF3221FBCD8B10032D404 /* Comonad.swift in Sources */ = {isa = PBXBuildFile; fileRef = 640FF2F31FBCD7FA0032D404 /* Comonad.swift */; };
		640FF3231FBCD8B10032D404 /* Const.swift in Sources */ = {isa = PBXBuildFile; fileRef = 640FF2EF1FBCD7F90032D404 /* Const.swift */; };
		640FF3241FBCD8B10032D404 /* Copointed.swift in Sources */ = {isa = PBXBuildFile; fileRef = 640FF3141FBCD8020032D404 /* Copointed.swift */; };
		640FF3251FBCD8B10032D404 /* Curry.swift in Sources */ = {isa = PBXBuildFile; fileRef = 640FF30E1FBCD8010032D404 /* Curry.swift */; };
		640FF3261FBCD8B10032D404 /* DictionaryExt.swift in Sources */ = {isa = PBXBuildFile; fileRef = 640FF2F41FBCD7FA0032D404 /* DictionaryExt.swift */; };
		640FF3271FBCD8B10032D404 /* Either.swift in Sources */ = {isa = PBXBuildFile; fileRef = 640FF2EB1FBCD7F80032D404 /* Either.swift */; };
		640FF3281FBCD8B10032D404 /* EitherExt.swift in Sources */ = {isa = PBXBuildFile; fileRef = 640FF3031FBCD7FE0032D404 /* EitherExt.swift */; };
		640FF3291FBCD8B10032D404 /* Error.swift in Sources */ = {isa = PBXBuildFile; fileRef = 640FF2EC1FBCD7F80032D404 /* Error.swift */; };
		640FF32A1FBCD8B10032D404 /* Foldable.swift in Sources */ = {isa = PBXBuildFile; fileRef = 640FF2F61FBCD7FB0032D404 /* Foldable.swift */; };
		640FF32B1FBCD8B10032D404 /* Function.swift in Sources */ = {isa = PBXBuildFile; fileRef = 640FF2EE1FBCD7F90032D404 /* Function.swift */; };
		640FF32C1FBCD8B10032D404 /* Functor.swift in Sources */ = {isa = PBXBuildFile; fileRef = 640FF3071FBCD7FE0032D404 /* Functor.swift */; };
		640FF32D1FBCD8B10032D404 /* HList.swift in Sources */ = {isa = PBXBuildFile; fileRef = 640FF3041FBCD7FE0032D404 /* HList.swift */; };
		640FF32E1FBCD8B10032D404 /* Identity.swift in Sources */ = {isa = PBXBuildFile; fileRef = 640FF3111FBCD8010032D404 /* Identity.swift */; };
		640FF32F1FBCD8B10032D404 /* Kinds.swift in Sources */ = {isa = PBXBuildFile; fileRef = 640FF30B1FBCD7FF0032D404 /* Kinds.swift */; };
		640FF3301FBCD8B10032D404 /* List.swift in Sources */ = {isa = PBXBuildFile; fileRef = 640FF3021FBCD7FD0032D404 /* List.swift */; };
		640FF3311FBCD8B10032D404 /* Monad.swift in Sources */ = {isa = PBXBuildFile; fileRef = 640FF2FD1FBCD7FC0032D404 /* Monad.swift */; };
		640FF3321FBCD8B10032D404 /* Monoid.swift in Sources */ = {isa = PBXBuildFile; fileRef = 640FF30A1FBCD7FF0032D404 /* Monoid.swift */; };
		640FF3331FBCD8B10032D404 /* Monoidal.swift in Sources */ = {isa = PBXBuildFile; fileRef = 640FF2ED1FBCD7F80032D404 /* Monoidal.swift */; };
		640FF3341FBCD8B10032D404 /* NonEmptyList.swift in Sources */ = {isa = PBXBuildFile; fileRef = 640FF2F71FBCD7FB0032D404 /* NonEmptyList.swift */; };
		640FF3351FBCD8B10032D404 /* Num.swift in Sources */ = {isa = PBXBuildFile; fileRef = 640FF2FF1FBCD7FC0032D404 /* Num.swift */; };
		640FF3361FBCD8B10032D404 /* Operators.swift in Sources */ = {isa = PBXBuildFile; fileRef = 640FF3171FBCD8020032D404 /* Operators.swift */; };
		640FF3371FBCD8B10032D404 /* Optional.swift in Sources */ = {isa = PBXBuildFile; fileRef = 640FF3161FBCD8020032D404 /* Optional.swift */; };
		640FF3381FBCD8B10032D404 /* OptionalExt.swift in Sources */ = {isa = PBXBuildFile; fileRef = 640FF30F1FBCD8010032D404 /* OptionalExt.swift */; };
		640FF3391FBCD8B10032D404 /* Pointed.swift in Sources */ = {isa = PBXBuildFile; fileRef = 640FF3051FBCD7FE0032D404 /* Pointed.swift */; };
		640FF33A1FBCD8B10032D404 /* Proxy.swift in Sources */ = {isa = PBXBuildFile; fileRef = 640FF2F81FBCD7FC0032D404 /* Proxy.swift */; };
		640FF33B1FBCD8B10032D404 /* Ratio.swift in Sources */ = {isa = PBXBuildFile; fileRef = 640FF2FE1FBCD7FC0032D404 /* Ratio.swift */; };
		640FF33C1FBCD8B10032D404 /* Reader.swift in Sources */ = {isa = PBXBuildFile; fileRef = 640FF3001FBCD7FD0032D404 /* Reader.swift */; };
		640FF33D1FBCD8B10032D404 /* Semigroup.swift in Sources */ = {isa = PBXBuildFile; fileRef = 640FF3011FBCD7FD0032D404 /* Semigroup.swift */; };
		640FF33E1FBCD8B10032D404 /* State.swift in Sources */ = {isa = PBXBuildFile; fileRef = 640FF2FA1FBCD7FC0032D404 /* State.swift */; };
		640FF33F1FBCD8B10032D404 /* Stream.swift in Sources */ = {isa = PBXBuildFile; fileRef = 640FF30D1FBCD8000032D404 /* Stream.swift */; };
		640FF3401FBCD8B10032D404 /* StringExt.swift in Sources */ = {isa = PBXBuildFile; fileRef = 640FF3121FBCD8010032D404 /* StringExt.swift */; };
		640FF3411FBCD8B10032D404 /* Swiftz.h in Sources */ = {isa = PBXBuildFile; fileRef = 640FF2FB1FBCD7FC0032D404 /* Swiftz.h */; };
		640FF3421FBCD8B10032D404 /* Those.swift in Sources */ = {isa = PBXBuildFile; fileRef = 640FF2F91FBCD7FC0032D404 /* Those.swift */; };
		640FF3431FBCD8B10032D404 /* TupleExt.swift in Sources */ = {isa = PBXBuildFile; fileRef = 640FF3131FBCD8010032D404 /* TupleExt.swift */; };
		640FF3441FBCD8B10032D404 /* Unit.swift in Sources */ = {isa = PBXBuildFile; fileRef = 640FF3061FBCD7FE0032D404 /* Unit.swift */; };
		640FF3451FBCD8B10032D404 /* Writer.swift in Sources */ = {isa = PBXBuildFile; fileRef = 640FF30C1FBCD8000032D404 /* Writer.swift */; };
		640FF3471FBCEDDB0032D404 /* DictionaryExtTEST.swift in Sources */ = {isa = PBXBuildFile; fileRef = 640FF3461FBCEDDB0032D404 /* DictionaryExtTEST.swift */; };
		640FF3491FBD59DB0032D404 /* operatorsTest.swift in Sources */ = {isa = PBXBuildFile; fileRef = 640FF3481FBD59DB0032D404 /* operatorsTest.swift */; };
		640FF34B1FBD62AA0032D404 /* listTEST.swift in Sources */ = {isa = PBXBuildFile; fileRef = 640FF34A1FBD62AA0032D404 /* listTEST.swift */; };
		640FF34D1FBD8C170032D404 /* Proxytests.swift in Sources */ = {isa = PBXBuildFile; fileRef = 640FF34C1FBD8C170032D404 /* Proxytests.swift */; };
		640FF34F1FBE1F9A0032D404 /* COnstTEsts.swift in Sources */ = {isa = PBXBuildFile; fileRef = 640FF34E1FBE1F9A0032D404 /* COnstTEsts.swift */; };
/* End PBXBuildFile section */

/* Begin PBXContainerItemProxy section */
		640FF28A1FBAFE860032D404 /* PBXContainerItemProxy */ = {
			isa = PBXContainerItemProxy;
			containerPortal = 640FF26D1FBAFE860032D404 /* Project object */;
			proxyType = 1;
			remoteGlobalIDString = 640FF2741FBAFE860032D404;
			remoteInfo = FunctBranches;
		};
/* End PBXContainerItemProxy section */

/* Begin PBXFileReference section */
		640FF2751FBAFE860032D404 /* FunctBranches.app */ = {isa = PBXFileReference; explicitFileType = wrapper.application; includeInIndex = 0; path = FunctBranches.app; sourceTree = BUILT_PRODUCTS_DIR; };
		640FF2781FBAFE860032D404 /* AppDelegate.swift */ = {isa = PBXFileReference; lastKnownFileType = sourcecode.swift; path = AppDelegate.swift; sourceTree = "<group>"; };
		640FF27A1FBAFE860032D404 /* ViewController.swift */ = {isa = PBXFileReference; lastKnownFileType = sourcecode.swift; path = ViewController.swift; sourceTree = "<group>"; };
		640FF27D1FBAFE860032D404 /* Base */ = {isa = PBXFileReference; lastKnownFileType = file.storyboard; name = Base; path = Base.lproj/Main.storyboard; sourceTree = "<group>"; };
		640FF27F1FBAFE860032D404 /* Assets.xcassets */ = {isa = PBXFileReference; lastKnownFileType = folder.assetcatalog; path = Assets.xcassets; sourceTree = "<group>"; };
		640FF2821FBAFE860032D404 /* Base */ = {isa = PBXFileReference; lastKnownFileType = file.storyboard; name = Base; path = Base.lproj/LaunchScreen.storyboard; sourceTree = "<group>"; };
		640FF2841FBAFE860032D404 /* Info.plist */ = {isa = PBXFileReference; lastKnownFileType = text.plist.xml; path = Info.plist; sourceTree = "<group>"; };
		640FF2891FBAFE860032D404 /* FunctBranchesTests.xctest */ = {isa = PBXFileReference; explicitFileType = wrapper.cfbundle; includeInIndex = 0; path = FunctBranchesTests.xctest; sourceTree = BUILT_PRODUCTS_DIR; };
		640FF28D1FBAFE860032D404 /* FunctBranchesTests.swift */ = {isa = PBXFileReference; lastKnownFileType = sourcecode.swift; path = FunctBranchesTests.swift; sourceTree = "<group>"; };
		640FF28F1FBAFE860032D404 /* Info.plist */ = {isa = PBXFileReference; lastKnownFileType = text.plist.xml; path = Info.plist; sourceTree = "<group>"; };
		640FF2EA1FBCD7F80032D404 /* ArrayExt.swift */ = {isa = PBXFileReference; lastKnownFileType = sourcecode.swift; path = ArrayExt.swift; sourceTree = "<group>"; };
		640FF2EB1FBCD7F80032D404 /* Either.swift */ = {isa = PBXFileReference; lastKnownFileType = sourcecode.swift; path = Either.swift; sourceTree = "<group>"; };
		640FF2EC1FBCD7F80032D404 /* Error.swift */ = {isa = PBXFileReference; lastKnownFileType = sourcecode.swift; path = Error.swift; sourceTree = "<group>"; };
		640FF2ED1FBCD7F80032D404 /* Monoidal.swift */ = {isa = PBXFileReference; lastKnownFileType = sourcecode.swift; path = Monoidal.swift; sourceTree = "<group>"; };
		640FF2EE1FBCD7F90032D404 /* Function.swift */ = {isa = PBXFileReference; lastKnownFileType = sourcecode.swift; path = Function.swift; sourceTree = "<group>"; };
		640FF2EF1FBCD7F90032D404 /* Const.swift */ = {isa = PBXFileReference; lastKnownFileType = sourcecode.swift; path = Const.swift; sourceTree = "<group>"; };
		640FF2F01FBCD7F90032D404 /* Bifunctor.swift */ = {isa = PBXFileReference; lastKnownFileType = sourcecode.swift; path = Bifunctor.swift; sourceTree = "<group>"; };
		640FF2F11FBCD7FA0032D404 /* ArrowExt.swift */ = {isa = PBXFileReference; lastKnownFileType = sourcecode.swift; path = ArrowExt.swift; sourceTree = "<group>"; };
		640FF2F21FBCD7FA0032D404 /* Category.swift */ = {isa = PBXFileReference; lastKnownFileType = sourcecode.swift; path = Category.swift; sourceTree = "<group>"; };
		640FF2F31FBCD7FA0032D404 /* Comonad.swift */ = {isa = PBXFileReference; lastKnownFileType = sourcecode.swift; path = Comonad.swift; sourceTree = "<group>"; };
		640FF2F41FBCD7FA0032D404 /* DictionaryExt.swift */ = {isa = PBXFileReference; lastKnownFileType = sourcecode.swift; path = DictionaryExt.swift; sourceTree = "<group>"; };
		640FF2F51FBCD7FB0032D404 /* Combinators.swift */ = {isa = PBXFileReference; lastKnownFileType = sourcecode.swift; path = Combinators.swift; sourceTree = "<group>"; };
		640FF2F61FBCD7FB0032D404 /* Foldable.swift */ = {isa = PBXFileReference; lastKnownFileType = sourcecode.swift; path = Foldable.swift; sourceTree = "<group>"; };
		640FF2F71FBCD7FB0032D404 /* NonEmptyList.swift */ = {isa = PBXFileReference; lastKnownFileType = sourcecode.swift; path = NonEmptyList.swift; sourceTree = "<group>"; };
		640FF2F81FBCD7FC0032D404 /* Proxy.swift */ = {isa = PBXFileReference; lastKnownFileType = sourcecode.swift; path = Proxy.swift; sourceTree = "<group>"; };
		640FF2F91FBCD7FC0032D404 /* Those.swift */ = {isa = PBXFileReference; lastKnownFileType = sourcecode.swift; path = Those.swift; sourceTree = "<group>"; };
		640FF2FA1FBCD7FC0032D404 /* State.swift */ = {isa = PBXFileReference; lastKnownFileType = sourcecode.swift; path = State.swift; sourceTree = "<group>"; };
		640FF2FB1FBCD7FC0032D404 /* Swiftz.h */ = {isa = PBXFileReference; lastKnownFileType = sourcecode.c.h; path = Swiftz.h; sourceTree = "<group>"; };
		640FF2FC1FBCD7FC0032D404 /* Array.swift */ = {isa = PBXFileReference; lastKnownFileType = sourcecode.swift; path = Array.swift; sourceTree = "<group>"; };
		640FF2FD1FBCD7FC0032D404 /* Monad.swift */ = {isa = PBXFileReference; lastKnownFileType = sourcecode.swift; path = Monad.swift; sourceTree = "<group>"; };
		640FF2FE1FBCD7FC0032D404 /* Ratio.swift */ = {isa = PBXFileReference; lastKnownFileType = sourcecode.swift; path = Ratio.swift; sourceTree = "<group>"; };
		640FF2FF1FBCD7FC0032D404 /* Num.swift */ = {isa = PBXFileReference; lastKnownFileType = sourcecode.swift; path = Num.swift; sourceTree = "<group>"; };
		640FF3001FBCD7FD0032D404 /* Reader.swift */ = {isa = PBXFileReference; lastKnownFileType = sourcecode.swift; path = Reader.swift; sourceTree = "<group>"; };
		640FF3011FBCD7FD0032D404 /* Semigroup.swift */ = {isa = PBXFileReference; lastKnownFileType = sourcecode.swift; path = Semigroup.swift; sourceTree = "<group>"; };
		640FF3021FBCD7FD0032D404 /* List.swift */ = {isa = PBXFileReference; lastKnownFileType = sourcecode.swift; path = List.swift; sourceTree = "<group>"; };
		640FF3031FBCD7FE0032D404 /* EitherExt.swift */ = {isa = PBXFileReference; lastKnownFileType = sourcecode.swift; path = EitherExt.swift; sourceTree = "<group>"; };
		640FF3041FBCD7FE0032D404 /* HList.swift */ = {isa = PBXFileReference; lastKnownFileType = sourcecode.swift; path = HList.swift; sourceTree = "<group>"; };
		640FF3051FBCD7FE0032D404 /* Pointed.swift */ = {isa = PBXFileReference; lastKnownFileType = sourcecode.swift; path = Pointed.swift; sourceTree = "<group>"; };
		640FF3061FBCD7FE0032D404 /* Unit.swift */ = {isa = PBXFileReference; lastKnownFileType = sourcecode.swift; path = Unit.swift; sourceTree = "<group>"; };
		640FF3071FBCD7FE0032D404 /* Functor.swift */ = {isa = PBXFileReference; lastKnownFileType = sourcecode.swift; path = Functor.swift; sourceTree = "<group>"; };
		640FF3081FBCD7FF0032D404 /* Applicative.swift */ = {isa = PBXFileReference; lastKnownFileType = sourcecode.swift; path = Applicative.swift; sourceTree = "<group>"; };
		640FF3091FBCD7FF0032D404 /* Bounded.swift */ = {isa = PBXFileReference; lastKnownFileType = sourcecode.swift; path = Bounded.swift; sourceTree = "<group>"; };
		640FF30A1FBCD7FF0032D404 /* Monoid.swift */ = {isa = PBXFileReference; lastKnownFileType = sourcecode.swift; path = Monoid.swift; sourceTree = "<group>"; };
		640FF30B1FBCD7FF0032D404 /* Kinds.swift */ = {isa = PBXFileReference; lastKnownFileType = sourcecode.swift; path = Kinds.swift; sourceTree = "<group>"; };
		640FF30C1FBCD8000032D404 /* Writer.swift */ = {isa = PBXFileReference; lastKnownFileType = sourcecode.swift; path = Writer.swift; sourceTree = "<group>"; };
		640FF30D1FBCD8000032D404 /* Stream.swift */ = {isa = PBXFileReference; lastKnownFileType = sourcecode.swift; path = Stream.swift; sourceTree = "<group>"; };
		640FF30E1FBCD8010032D404 /* Curry.swift */ = {isa = PBXFileReference; lastKnownFileType = sourcecode.swift; path = Curry.swift; sourceTree = "<group>"; };
		640FF30F1FBCD8010032D404 /* OptionalExt.swift */ = {isa = PBXFileReference; lastKnownFileType = sourcecode.swift; path = OptionalExt.swift; sourceTree = "<group>"; };
		640FF3101FBCD8010032D404 /* Arrow.swift */ = {isa = PBXFileReference; lastKnownFileType = sourcecode.swift; path = Arrow.swift; sourceTree = "<group>"; };
		640FF3111FBCD8010032D404 /* Identity.swift */ = {isa = PBXFileReference; lastKnownFileType = sourcecode.swift; path = Identity.swift; sourceTree = "<group>"; };
		640FF3121FBCD8010032D404 /* StringExt.swift */ = {isa = PBXFileReference; lastKnownFileType = sourcecode.swift; path = StringExt.swift; sourceTree = "<group>"; };
		640FF3131FBCD8010032D404 /* TupleExt.swift */ = {isa = PBXFileReference; lastKnownFileType = sourcecode.swift; path = TupleExt.swift; sourceTree = "<group>"; };
		640FF3141FBCD8020032D404 /* Copointed.swift */ = {isa = PBXFileReference; lastKnownFileType = sourcecode.swift; path = Copointed.swift; sourceTree = "<group>"; };
		640FF3151FBCD8020032D404 /* CharacterExt.swift */ = {isa = PBXFileReference; lastKnownFileType = sourcecode.swift; path = CharacterExt.swift; sourceTree = "<group>"; };
		640FF3161FBCD8020032D404 /* Optional.swift */ = {isa = PBXFileReference; lastKnownFileType = sourcecode.swift; path = Optional.swift; sourceTree = "<group>"; };
		640FF3171FBCD8020032D404 /* Operators.swift */ = {isa = PBXFileReference; lastKnownFileType = sourcecode.swift; path = Operators.swift; sourceTree = "<group>"; };
		640FF3461FBCEDDB0032D404 /* DictionaryExtTEST.swift */ = {isa = PBXFileReference; lastKnownFileType = sourcecode.swift; path = DictionaryExtTEST.swift; sourceTree = "<group>"; };
		640FF3481FBD59DB0032D404 /* operatorsTest.swift */ = {isa = PBXFileReference; lastKnownFileType = sourcecode.swift; path = operatorsTest.swift; sourceTree = "<group>"; };
		640FF34A1FBD62AA0032D404 /* listTEST.swift */ = {isa = PBXFileReference; lastKnownFileType = sourcecode.swift; path = listTEST.swift; sourceTree = "<group>"; };
		640FF34C1FBD8C170032D404 /* Proxytests.swift */ = {isa = PBXFileReference; lastKnownFileType = sourcecode.swift; path = Proxytests.swift; sourceTree = "<group>"; };
		640FF34E1FBE1F9A0032D404 /* COnstTEsts.swift */ = {isa = PBXFileReference; lastKnownFileType = sourcecode.swift; path = COnstTEsts.swift; sourceTree = "<group>"; };
/* End PBXFileReference section */

/* Begin PBXFrameworksBuildPhase section */
		640FF2721FBAFE860032D404 /* Frameworks */ = {
			isa = PBXFrameworksBuildPhase;
			buildActionMask = 2147483647;
			files = (
			);
			runOnlyForDeploymentPostprocessing = 0;
		};
		640FF2861FBAFE860032D404 /* Frameworks */ = {
			isa = PBXFrameworksBuildPhase;
			buildActionMask = 2147483647;
			files = (
			);
			runOnlyForDeploymentPostprocessing = 0;
		};
/* End PBXFrameworksBuildPhase section */

/* Begin PBXGroup section */
		640FF26C1FBAFE860032D404 = {
			isa = PBXGroup;
			children = (
				640FF2771FBAFE860032D404 /* FunctBranches */,
				640FF28C1FBAFE860032D404 /* FunctBranchesTests */,
				640FF2761FBAFE860032D404 /* Products */,
			);
			sourceTree = "<group>";
		};
		640FF2761FBAFE860032D404 /* Products */ = {
			isa = PBXGroup;
			children = (
				640FF2751FBAFE860032D404 /* FunctBranches.app */,
				640FF2891FBAFE860032D404 /* FunctBranchesTests.xctest */,
			);
			name = Products;
			sourceTree = "<group>";
		};
		640FF2771FBAFE860032D404 /* FunctBranches */ = {
			isa = PBXGroup;
			children = (
				640FF2E81FBCD7BE0032D404 /* Funct */,
				640FF2781FBAFE860032D404 /* AppDelegate.swift */,
				640FF27A1FBAFE860032D404 /* ViewController.swift */,
				640FF27C1FBAFE860032D404 /* Main.storyboard */,
				640FF27F1FBAFE860032D404 /* Assets.xcassets */,
				640FF2811FBAFE860032D404 /* LaunchScreen.storyboard */,
				640FF2841FBAFE860032D404 /* Info.plist */,
			);
			path = FunctBranches;
			sourceTree = "<group>";
		};
		640FF28C1FBAFE860032D404 /* FunctBranchesTests */ = {
			isa = PBXGroup;
			children = (
				640FF28D1FBAFE860032D404 /* FunctBranchesTests.swift */,
				640FF28F1FBAFE860032D404 /* Info.plist */,
				640FF3461FBCEDDB0032D404 /* DictionaryExtTEST.swift */,
				640FF3481FBD59DB0032D404 /* operatorsTest.swift */,
				640FF34A1FBD62AA0032D404 /* listTEST.swift */,
				640FF34C1FBD8C170032D404 /* Proxytests.swift */,
				640FF34E1FBE1F9A0032D404 /* COnstTEsts.swift */,
			);
			path = FunctBranchesTests;
			sourceTree = "<group>";
		};
		640FF2E81FBCD7BE0032D404 /* Funct */ = {
			isa = PBXGroup;
			children = (
				640FF2E91FBCD7E50032D404 /* switz */,
			);
			path = Funct;
			sourceTree = "<group>";
		};
		640FF2E91FBCD7E50032D404 /* switz */ = {
			isa = PBXGroup;
			children = (
				640FF3081FBCD7FF0032D404 /* Applicative.swift */,
				640FF2FC1FBCD7FC0032D404 /* Array.swift */,
				640FF2EA1FBCD7F80032D404 /* ArrayExt.swift */,
				640FF3101FBCD8010032D404 /* Arrow.swift */,
				640FF2F11FBCD7FA0032D404 /* ArrowExt.swift */,
				640FF2F01FBCD7F90032D404 /* Bifunctor.swift */,
				640FF3091FBCD7FF0032D404 /* Bounded.swift */,
				640FF2F21FBCD7FA0032D404 /* Category.swift */,
				640FF3151FBCD8020032D404 /* CharacterExt.swift */,
				640FF2F51FBCD7FB0032D404 /* Combinators.swift */,
				640FF2F31FBCD7FA0032D404 /* Comonad.swift */,
				640FF2EF1FBCD7F90032D404 /* Const.swift */,
				640FF3141FBCD8020032D404 /* Copointed.swift */,
				640FF30E1FBCD8010032D404 /* Curry.swift */,
				640FF2F41FBCD7FA0032D404 /* DictionaryExt.swift */,
				640FF2EB1FBCD7F80032D404 /* Either.swift */,
				640FF3031FBCD7FE0032D404 /* EitherExt.swift */,
				640FF2EC1FBCD7F80032D404 /* Error.swift */,
				640FF2F61FBCD7FB0032D404 /* Foldable.swift */,
				640FF2EE1FBCD7F90032D404 /* Function.swift */,
				640FF3071FBCD7FE0032D404 /* Functor.swift */,
				640FF3041FBCD7FE0032D404 /* HList.swift */,
				640FF3111FBCD8010032D404 /* Identity.swift */,
				640FF30B1FBCD7FF0032D404 /* Kinds.swift */,
				640FF3021FBCD7FD0032D404 /* List.swift */,
				640FF2FD1FBCD7FC0032D404 /* Monad.swift */,
				640FF30A1FBCD7FF0032D404 /* Monoid.swift */,
				640FF2ED1FBCD7F80032D404 /* Monoidal.swift */,
				640FF2F71FBCD7FB0032D404 /* NonEmptyList.swift */,
				640FF2FF1FBCD7FC0032D404 /* Num.swift */,
				640FF3171FBCD8020032D404 /* Operators.swift */,
				640FF3161FBCD8020032D404 /* Optional.swift */,
				640FF30F1FBCD8010032D404 /* OptionalExt.swift */,
				640FF3051FBCD7FE0032D404 /* Pointed.swift */,
				640FF2F81FBCD7FC0032D404 /* Proxy.swift */,
				640FF2FE1FBCD7FC0032D404 /* Ratio.swift */,
				640FF3001FBCD7FD0032D404 /* Reader.swift */,
				640FF3011FBCD7FD0032D404 /* Semigroup.swift */,
				640FF2FA1FBCD7FC0032D404 /* State.swift */,
				640FF30D1FBCD8000032D404 /* Stream.swift */,
				640FF3121FBCD8010032D404 /* StringExt.swift */,
				640FF2FB1FBCD7FC0032D404 /* Swiftz.h */,
				640FF2F91FBCD7FC0032D404 /* Those.swift */,
				640FF3131FBCD8010032D404 /* TupleExt.swift */,
				640FF3061FBCD7FE0032D404 /* Unit.swift */,
				640FF30C1FBCD8000032D404 /* Writer.swift */,
			);
			path = switz;
			sourceTree = "<group>";
		};
/* End PBXGroup section */

/* Begin PBXNativeTarget section */
		640FF2741FBAFE860032D404 /* FunctBranches */ = {
			isa = PBXNativeTarget;
			buildConfigurationList = 640FF2921FBAFE860032D404 /* Build configuration list for PBXNativeTarget "FunctBranches" */;
			buildPhases = (
				640FF2711FBAFE860032D404 /* Sources */,
				640FF2721FBAFE860032D404 /* Frameworks */,
				640FF2731FBAFE860032D404 /* Resources */,
			);
			buildRules = (
			);
			dependencies = (
			);
			name = FunctBranches;
			productName = FunctBranches;
			productReference = 640FF2751FBAFE860032D404 /* FunctBranches.app */;
			productType = "com.apple.product-type.application";
		};
		640FF2881FBAFE860032D404 /* FunctBranchesTests */ = {
			isa = PBXNativeTarget;
			buildConfigurationList = 640FF2951FBAFE860032D404 /* Build configuration list for PBXNativeTarget "FunctBranchesTests" */;
			buildPhases = (
				640FF2851FBAFE860032D404 /* Sources */,
				640FF2861FBAFE860032D404 /* Frameworks */,
				640FF2871FBAFE860032D404 /* Resources */,
			);
			buildRules = (
			);
			dependencies = (
				640FF28B1FBAFE860032D404 /* PBXTargetDependency */,
			);
			name = FunctBranchesTests;
			productName = FunctBranchesTests;
			productReference = 640FF2891FBAFE860032D404 /* FunctBranchesTests.xctest */;
			productType = "com.apple.product-type.bundle.unit-test";
		};
/* End PBXNativeTarget section */

/* Begin PBXProject section */
		640FF26D1FBAFE860032D404 /* Project object */ = {
			isa = PBXProject;
			attributes = {
				LastSwiftUpdateCheck = 0900;
				LastUpgradeCheck = 0900;
				ORGANIZATIONNAME = "Antonio Muñoz Sánchez";
				TargetAttributes = {
					640FF2741FBAFE860032D404 = {
						CreatedOnToolsVersion = 9.0;
						ProvisioningStyle = Automatic;
					};
					640FF2881FBAFE860032D404 = {
						CreatedOnToolsVersion = 9.0;
						ProvisioningStyle = Automatic;
						TestTargetID = 640FF2741FBAFE860032D404;
					};
				};
			};
			buildConfigurationList = 640FF2701FBAFE860032D404 /* Build configuration list for PBXProject "FunctBranches" */;
			compatibilityVersion = "Xcode 8.0";
			developmentRegion = en;
			hasScannedForEncodings = 0;
			knownRegions = (
				en,
				Base,
			);
			mainGroup = 640FF26C1FBAFE860032D404;
			productRefGroup = 640FF2761FBAFE860032D404 /* Products */;
			projectDirPath = "";
			projectRoot = "";
			targets = (
				640FF2741FBAFE860032D404 /* FunctBranches */,
				640FF2881FBAFE860032D404 /* FunctBranchesTests */,
			);
		};
/* End PBXProject section */

/* Begin PBXResourcesBuildPhase section */
		640FF2731FBAFE860032D404 /* Resources */ = {
			isa = PBXResourcesBuildPhase;
			buildActionMask = 2147483647;
			files = (
				640FF2831FBAFE860032D404 /* LaunchScreen.storyboard in Resources */,
				640FF2801FBAFE860032D404 /* Assets.xcassets in Resources */,
				640FF27E1FBAFE860032D404 /* Main.storyboard in Resources */,
			);
			runOnlyForDeploymentPostprocessing = 0;
		};
		640FF2871FBAFE860032D404 /* Resources */ = {
			isa = PBXResourcesBuildPhase;
			buildActionMask = 2147483647;
			files = (
			);
			runOnlyForDeploymentPostprocessing = 0;
		};
/* End PBXResourcesBuildPhase section */

/* Begin PBXSourcesBuildPhase section */
		640FF2711FBAFE860032D404 /* Sources */ = {
			isa = PBXSourcesBuildPhase;
			buildActionMask = 2147483647;
			files = (
				640FF3181FBCD8B10032D404 /* Applicative.swift in Sources */,
				640FF3191FBCD8B10032D404 /* Array.swift in Sources */,
				640FF31A1FBCD8B10032D404 /* ArrayExt.swift in Sources */,
				640FF31B1FBCD8B10032D404 /* Arrow.swift in Sources */,
				640FF31C1FBCD8B10032D404 /* ArrowExt.swift in Sources */,
				640FF31D1FBCD8B10032D404 /* Bifunctor.swift in Sources */,
				640FF31E1FBCD8B10032D404 /* Bounded.swift in Sources */,
				640FF31F1FBCD8B10032D404 /* Category.swift in Sources */,
				640FF3201FBCD8B10032D404 /* CharacterExt.swift in Sources */,
				640FF3211FBCD8B10032D404 /* Combinators.swift in Sources */,
				640FF3221FBCD8B10032D404 /* Comonad.swift in Sources */,
				640FF3231FBCD8B10032D404 /* Const.swift in Sources */,
				640FF3241FBCD8B10032D404 /* Copointed.swift in Sources */,
				640FF3251FBCD8B10032D404 /* Curry.swift in Sources */,
				640FF3261FBCD8B10032D404 /* DictionaryExt.swift in Sources */,
				640FF3271FBCD8B10032D404 /* Either.swift in Sources */,
				640FF3281FBCD8B10032D404 /* EitherExt.swift in Sources */,
				640FF3291FBCD8B10032D404 /* Error.swift in Sources */,
				640FF32A1FBCD8B10032D404 /* Foldable.swift in Sources */,
				640FF32B1FBCD8B10032D404 /* Function.swift in Sources */,
				640FF32C1FBCD8B10032D404 /* Functor.swift in Sources */,
				640FF32D1FBCD8B10032D404 /* HList.swift in Sources */,
				640FF32E1FBCD8B10032D404 /* Identity.swift in Sources */,
				640FF32F1FBCD8B10032D404 /* Kinds.swift in Sources */,
				640FF3301FBCD8B10032D404 /* List.swift in Sources */,
				640FF3311FBCD8B10032D404 /* Monad.swift in Sources */,
				640FF3321FBCD8B10032D404 /* Monoid.swift in Sources */,
				640FF3331FBCD8B10032D404 /* Monoidal.swift in Sources */,
				640FF3341FBCD8B10032D404 /* NonEmptyList.swift in Sources */,
				640FF3351FBCD8B10032D404 /* Num.swift in Sources */,
				640FF3361FBCD8B10032D404 /* Operators.swift in Sources */,
				640FF3371FBCD8B10032D404 /* Optional.swift in Sources */,
				640FF3381FBCD8B10032D404 /* OptionalExt.swift in Sources */,
				640FF3391FBCD8B10032D404 /* Pointed.swift in Sources */,
				640FF33A1FBCD8B10032D404 /* Proxy.swift in Sources */,
				640FF33B1FBCD8B10032D404 /* Ratio.swift in Sources */,
				640FF33C1FBCD8B10032D404 /* Reader.swift in Sources */,
				640FF33D1FBCD8B10032D404 /* Semigroup.swift in Sources */,
				640FF33E1FBCD8B10032D404 /* State.swift in Sources */,
				640FF33F1FBCD8B10032D404 /* Stream.swift in Sources */,
				640FF3401FBCD8B10032D404 /* StringExt.swift in Sources */,
				640FF3411FBCD8B10032D404 /* Swiftz.h in Sources */,
				640FF3421FBCD8B10032D404 /* Those.swift in Sources */,
				640FF3431FBCD8B10032D404 /* TupleExt.swift in Sources */,
				640FF3441FBCD8B10032D404 /* Unit.swift in Sources */,
				640FF3451FBCD8B10032D404 /* Writer.swift in Sources */,
				640FF27B1FBAFE860032D404 /* ViewController.swift in Sources */,
				640FF2791FBAFE860032D404 /* AppDelegate.swift in Sources */,
			);
			runOnlyForDeploymentPostprocessing = 0;
		};
		640FF2851FBAFE860032D404 /* Sources */ = {
			isa = PBXSourcesBuildPhase;
			buildActionMask = 2147483647;
			files = (
				640FF28E1FBAFE860032D404 /* FunctBranchesTests.swift in Sources */,
				640FF34B1FBD62AA0032D404 /* listTEST.swift in Sources */,
				640FF3491FBD59DB0032D404 /* operatorsTest.swift in Sources */,
				640FF34F1FBE1F9A0032D404 /* COnstTEsts.swift in Sources */,
				640FF34D1FBD8C170032D404 /* Proxytests.swift in Sources */,
				640FF3471FBCEDDB0032D404 /* DictionaryExtTEST.swift in Sources */,
			);
			runOnlyForDeploymentPostprocessing = 0;
		};
/* End PBXSourcesBuildPhase section */

/* Begin PBXTargetDependency section */
		640FF28B1FBAFE860032D404 /* PBXTargetDependency */ = {
			isa = PBXTargetDependency;
			target = 640FF2741FBAFE860032D404 /* FunctBranches */;
			targetProxy = 640FF28A1FBAFE860032D404 /* PBXContainerItemProxy */;
		};
/* End PBXTargetDependency section */

/* Begin PBXVariantGroup section */
		640FF27C1FBAFE860032D404 /* Main.storyboard */ = {
			isa = PBXVariantGroup;
			children = (
				640FF27D1FBAFE860032D404 /* Base */,
			);
			name = Main.storyboard;
			sourceTree = "<group>";
		};
		640FF2811FBAFE860032D404 /* LaunchScreen.storyboard */ = {
			isa = PBXVariantGroup;
			children = (
				640FF2821FBAFE860032D404 /* Base */,
			);
			name = LaunchScreen.storyboard;
			sourceTree = "<group>";
		};
/* End PBXVariantGroup section */

/* Begin XCBuildConfiguration section */
		640FF2901FBAFE860032D404 /* Debug */ = {
			isa = XCBuildConfiguration;
			buildSettings = {
				ALWAYS_SEARCH_USER_PATHS = NO;
				CLANG_ANALYZER_NONNULL = YES;
				CLANG_ANALYZER_NUMBER_OBJECT_CONVERSION = YES_AGGRESSIVE;
				CLANG_CXX_LANGUAGE_STANDARD = "gnu++14";
				CLANG_CXX_LIBRARY = "libc++";
				CLANG_ENABLE_MODULES = YES;
				CLANG_ENABLE_OBJC_ARC = YES;
				CLANG_WARN_BLOCK_CAPTURE_AUTORELEASING = YES;
				CLANG_WARN_BOOL_CONVERSION = YES;
				CLANG_WARN_COMMA = YES;
				CLANG_WARN_CONSTANT_CONVERSION = YES;
				CLANG_WARN_DIRECT_OBJC_ISA_USAGE = YES_ERROR;
				CLANG_WARN_DOCUMENTATION_COMMENTS = YES;
				CLANG_WARN_EMPTY_BODY = YES;
				CLANG_WARN_ENUM_CONVERSION = YES;
				CLANG_WARN_INFINITE_RECURSION = YES;
				CLANG_WARN_INT_CONVERSION = YES;
				CLANG_WARN_NON_LITERAL_NULL_CONVERSION = YES;
				CLANG_WARN_OBJC_LITERAL_CONVERSION = YES;
				CLANG_WARN_OBJC_ROOT_CLASS = YES_ERROR;
				CLANG_WARN_RANGE_LOOP_ANALYSIS = YES;
				CLANG_WARN_STRICT_PROTOTYPES = YES;
				CLANG_WARN_SUSPICIOUS_MOVE = YES;
				CLANG_WARN_UNGUARDED_AVAILABILITY = YES_AGGRESSIVE;
				CLANG_WARN_UNREACHABLE_CODE = YES;
				CLANG_WARN__DUPLICATE_METHOD_MATCH = YES;
				CODE_SIGN_IDENTITY = "iPhone Developer";
				COPY_PHASE_STRIP = NO;
				DEBUG_INFORMATION_FORMAT = dwarf;
				ENABLE_STRICT_OBJC_MSGSEND = YES;
				ENABLE_TESTABILITY = YES;
				GCC_C_LANGUAGE_STANDARD = gnu11;
				GCC_DYNAMIC_NO_PIC = NO;
				GCC_NO_COMMON_BLOCKS = YES;
				GCC_OPTIMIZATION_LEVEL = 0;
				GCC_PREPROCESSOR_DEFINITIONS = (
					"DEBUG=1",
					"$(inherited)",
				);
				GCC_WARN_64_TO_32_BIT_CONVERSION = YES;
				GCC_WARN_ABOUT_RETURN_TYPE = YES_ERROR;
				GCC_WARN_UNDECLARED_SELECTOR = YES;
				GCC_WARN_UNINITIALIZED_AUTOS = YES_AGGRESSIVE;
				GCC_WARN_UNUSED_FUNCTION = YES;
				GCC_WARN_UNUSED_VARIABLE = YES;
				IPHONEOS_DEPLOYMENT_TARGET = 11.0;
				MTL_ENABLE_DEBUG_INFO = YES;
				ONLY_ACTIVE_ARCH = YES;
				SDKROOT = iphoneos;
				SWIFT_ACTIVE_COMPILATION_CONDITIONS = DEBUG;
				SWIFT_OPTIMIZATION_LEVEL = "-Onone";
			};
			name = Debug;
		};
		640FF2911FBAFE860032D404 /* Release */ = {
			isa = XCBuildConfiguration;
			buildSettings = {
				ALWAYS_SEARCH_USER_PATHS = NO;
				CLANG_ANALYZER_NONNULL = YES;
				CLANG_ANALYZER_NUMBER_OBJECT_CONVERSION = YES_AGGRESSIVE;
				CLANG_CXX_LANGUAGE_STANDARD = "gnu++14";
				CLANG_CXX_LIBRARY = "libc++";
				CLANG_ENABLE_MODULES = YES;
				CLANG_ENABLE_OBJC_ARC = YES;
				CLANG_WARN_BLOCK_CAPTURE_AUTORELEASING = YES;
				CLANG_WARN_BOOL_CONVERSION = YES;
				CLANG_WARN_COMMA = YES;
				CLANG_WARN_CONSTANT_CONVERSION = YES;
				CLANG_WARN_DIRECT_OBJC_ISA_USAGE = YES_ERROR;
				CLANG_WARN_DOCUMENTATION_COMMENTS = YES;
				CLANG_WARN_EMPTY_BODY = YES;
				CLANG_WARN_ENUM_CONVERSION = YES;
				CLANG_WARN_INFINITE_RECURSION = YES;
				CLANG_WARN_INT_CONVERSION = YES;
				CLANG_WARN_NON_LITERAL_NULL_CONVERSION = YES;
				CLANG_WARN_OBJC_LITERAL_CONVERSION = YES;
				CLANG_WARN_OBJC_ROOT_CLASS = YES_ERROR;
				CLANG_WARN_RANGE_LOOP_ANALYSIS = YES;
				CLANG_WARN_STRICT_PROTOTYPES = YES;
				CLANG_WARN_SUSPICIOUS_MOVE = YES;
				CLANG_WARN_UNGUARDED_AVAILABILITY = YES_AGGRESSIVE;
				CLANG_WARN_UNREACHABLE_CODE = YES;
				CLANG_WARN__DUPLICATE_METHOD_MATCH = YES;
				CODE_SIGN_IDENTITY = "iPhone Developer";
				COPY_PHASE_STRIP = NO;
				DEBUG_INFORMATION_FORMAT = "dwarf-with-dsym";
				ENABLE_NS_ASSERTIONS = NO;
				ENABLE_STRICT_OBJC_MSGSEND = YES;
				GCC_C_LANGUAGE_STANDARD = gnu11;
				GCC_NO_COMMON_BLOCKS = YES;
				GCC_WARN_64_TO_32_BIT_CONVERSION = YES;
				GCC_WARN_ABOUT_RETURN_TYPE = YES_ERROR;
				GCC_WARN_UNDECLARED_SELECTOR = YES;
				GCC_WARN_UNINITIALIZED_AUTOS = YES_AGGRESSIVE;
				GCC_WARN_UNUSED_FUNCTION = YES;
				GCC_WARN_UNUSED_VARIABLE = YES;
				IPHONEOS_DEPLOYMENT_TARGET = 11.0;
				MTL_ENABLE_DEBUG_INFO = NO;
				SDKROOT = iphoneos;
				SWIFT_OPTIMIZATION_LEVEL = "-Owholemodule";
				VALIDATE_PRODUCT = YES;
			};
			name = Release;
		};
		640FF2931FBAFE860032D404 /* Debug */ = {
			isa = XCBuildConfiguration;
			buildSettings = {
				ASSETCATALOG_COMPILER_APPICON_NAME = AppIcon;
				CODE_SIGN_STYLE = Automatic;
				DEVELOPMENT_TEAM = RQQMLGW4S8;
				INFOPLIST_FILE = FunctBranches/Info.plist;
				LD_RUNPATH_SEARCH_PATHS = "$(inherited) @executable_path/Frameworks";
				PRODUCT_BUNDLE_IDENTIFIER = com.ams.prueba.FunctBranches;
				PRODUCT_NAME = "$(TARGET_NAME)";
				SWIFT_VERSION = 4.0;
				TARGETED_DEVICE_FAMILY = "1,2";
			};
			name = Debug;
		};
		640FF2941FBAFE860032D404 /* Release */ = {
			isa = XCBuildConfiguration;
			buildSettings = {
				ASSETCATALOG_COMPILER_APPICON_NAME = AppIcon;
				CODE_SIGN_STYLE = Automatic;
				DEVELOPMENT_TEAM = RQQMLGW4S8;
				INFOPLIST_FILE = FunctBranches/Info.plist;
				LD_RUNPATH_SEARCH_PATHS = "$(inherited) @executable_path/Frameworks";
				PRODUCT_BUNDLE_IDENTIFIER = com.ams.prueba.FunctBranches;
				PRODUCT_NAME = "$(TARGET_NAME)";
				SWIFT_VERSION = 4.0;
				TARGETED_DEVICE_FAMILY = "1,2";
			};
			name = Release;
		};
		640FF2961FBAFE860032D404 /* Debug */ = {
			isa = XCBuildConfiguration;
			buildSettings = {
				ALWAYS_EMBED_SWIFT_STANDARD_LIBRARIES = YES;
				BUNDLE_LOADER = "$(TEST_HOST)";
				CODE_SIGN_STYLE = Automatic;
				DEVELOPMENT_TEAM = RQQMLGW4S8;
				INFOPLIST_FILE = FunctBranchesTests/Info.plist;
				LD_RUNPATH_SEARCH_PATHS = "$(inherited) @executable_path/Frameworks @loader_path/Frameworks";
				PRODUCT_BUNDLE_IDENTIFIER = com.ams.prueba.FunctBranchesTests;
				PRODUCT_NAME = "$(TARGET_NAME)";
				SWIFT_VERSION = 4.0;
				TARGETED_DEVICE_FAMILY = "1,2";
				TEST_HOST = "$(BUILT_PRODUCTS_DIR)/FunctBranches.app/FunctBranches";
			};
			name = Debug;
		};
		640FF2971FBAFE860032D404 /* Release */ = {
			isa = XCBuildConfiguration;
			buildSettings = {
				ALWAYS_EMBED_SWIFT_STANDARD_LIBRARIES = YES;
				BUNDLE_LOADER = "$(TEST_HOST)";
				CODE_SIGN_STYLE = Automatic;
				DEVELOPMENT_TEAM = RQQMLGW4S8;
				INFOPLIST_FILE = FunctBranchesTests/Info.plist;
				LD_RUNPATH_SEARCH_PATHS = "$(inherited) @executable_path/Frameworks @loader_path/Frameworks";
				PRODUCT_BUNDLE_IDENTIFIER = com.ams.prueba.FunctBranchesTests;
				PRODUCT_NAME = "$(TARGET_NAME)";
				SWIFT_VERSION = 4.0;
				TARGETED_DEVICE_FAMILY = "1,2";
				TEST_HOST = "$(BUILT_PRODUCTS_DIR)/FunctBranches.app/FunctBranches";
			};
			name = Release;
		};
/* End XCBuildConfiguration section */

/* Begin XCConfigurationList section */
		640FF2701FBAFE860032D404 /* Build configuration list for PBXProject "FunctBranches" */ = {
			isa = XCConfigurationList;
			buildConfigurations = (
				640FF2901FBAFE860032D404 /* Debug */,
				640FF2911FBAFE860032D404 /* Release */,
			);
			defaultConfigurationIsVisible = 0;
			defaultConfigurationName = Release;
		};
		640FF2921FBAFE860032D404 /* Build configuration list for PBXNativeTarget "FunctBranches" */ = {
			isa = XCConfigurationList;
			buildConfigurations = (
				640FF2931FBAFE860032D404 /* Debug */,
				640FF2941FBAFE860032D404 /* Release */,
			);
			defaultConfigurationIsVisible = 0;
			defaultConfigurationName = Release;
		};
		640FF2951FBAFE860032D404 /* Build configuration list for PBXNativeTarget "FunctBranchesTests" */ = {
			isa = XCConfigurationList;
			buildConfigurations = (
				640FF2961FBAFE860032D404 /* Debug */,
				640FF2971FBAFE860032D404 /* Release */,
			);
			defaultConfigurationIsVisible = 0;
			defaultConfigurationName = Release;
		};
/* End XCConfigurationList section */
	};
	rootObject = 640FF26D1FBAFE860032D404 /* Project object */;
}
